
Microsoft Visual Studio Solution File, Format Version 12.00
# Visual Studio Version 17
VisualStudioVersion = 17.13.35828.75 d17.13
MinimumVisualStudioVersion = 10.0.40219.1
Project("{FAE04EC0-301F-11D3-BF4B-00C04F79EFBC}") = "LibraryC#", "LibraryC#.csproj", "{0EAAE32C-ABA9-4373-8D03-0AEE7B29062A}"
EndProject
Global
	GlobalSection(SolutionConfigurationPlatforms) = preSolution
		Debug|Any CPU = Debug|Any CPU
		Release|Any CPU = Release|Any CPU
	EndGlobalSection
	GlobalSection(ProjectConfigurationPlatforms) = postSolution
		{0EAAE32C-ABA9-4373-8D03-0AEE7B29062A}.Debug|Any CPU.ActiveCfg = Debug|Any CPU
		{0EAAE32C-ABA9-4373-8D03-0AEE7B29062A}.Debug|Any CPU.Build.0 = Debug|Any CPU
		{0EAAE32C-ABA9-4373-8D03-0AEE7B29062A}.Release|Any CPU.ActiveCfg = Release|Any CPU
		{0EAAE32C-ABA9-4373-8D03-0AEE7B29062A}.Release|Any CPU.Build.0 = Release|Any CPU
	EndGlobalSection
	GlobalSection(SolutionProperties) = preSolution
		HideSolutionNode = FALSE
	EndGlobalSection
	GlobalSection(ExtensibilityGlobals) = postSolution
		SolutionGuid = {2C326A97-1CC2-404A-B691-FF6A3A2822F8}
	EndGlobalSection
EndGlobal
